
Microsoft Visual Studio Solution File, Format Version 12.00
# Visual Studio Version 16
VisualStudioVersion = 25.0.1706.9
MinimumVisualStudioVersion = 10.0.40219.1
Project("{FAE04EC0-301F-11D3-BF4B-00C04F79EFBC}") = "Generic", "Generic\Generic.csproj", "{1A3ED048-A674-4533-9CF5-F0C3F2F91733}"
EndProject
Global
	GlobalSection(SolutionConfigurationPlatforms) = preSolution
		Debug|Any CPU = Debug|Any CPU
		Release|Any CPU = Release|Any CPU
	EndGlobalSection
	GlobalSection(ProjectConfigurationPlatforms) = postSolution
		{1A3ED048-A674-4533-9CF5-F0C3F2F91733}.Debug|Any CPU.ActiveCfg = Debug|Any CPU
		{1A3ED048-A674-4533-9CF5-F0C3F2F91733}.Debug|Any CPU.Build.0 = Debug|Any CPU
		{1A3ED048-A674-4533-9CF5-F0C3F2F91733}.Release|Any CPU.ActiveCfg = Release|Any CPU
		{1A3ED048-A674-4533-9CF5-F0C3F2F91733}.Release|Any CPU.Build.0 = Release|Any CPU
	EndGlobalSection
	GlobalSection(SolutionProperties) = preSolution
		HideSolutionNode = FALSE
	EndGlobalSection
	GlobalSection(ExtensibilityGlobals) = postSolution
		SolutionGuid = {ACA7C607-9F7B-4B73-AA15-8F160BFF03D3}
	EndGlobalSection
EndGlobal
